// !$*UTF8*$!
{
	archiveVersion = 1;
	classes = {
	};
	objectVersion = 46;
	objects = {

/* Begin PBXAggregateTarget section */
		"multiple-package-sample::multiple-package-samplePackageTests::ProductTarget" /* multiple-package-samplePackageTests */ = {
			isa = PBXAggregateTarget;
			buildConfigurationList = OBJ_39 /* Build configuration list for PBXAggregateTarget "multiple-package-samplePackageTests" */;
			buildPhases = (
			);
			dependencies = (
				OBJ_42 /* PBXTargetDependency */,
			);
			name = "multiple-package-samplePackageTests";
			productName = "multiple-package-samplePackageTests";
		};
/* End PBXAggregateTarget section */

/* Begin PBXBuildFile section */
		OBJ_21 /* Package.swift in Sources */ = {isa = PBXBuildFile; fileRef = OBJ_6 /* Package.swift */; };
		OBJ_27 /* multiple_package_sampleTests.swift in Sources */ = {isa = PBXBuildFile; fileRef = OBJ_12 /* multiple_package_sampleTests.swift */; };
		OBJ_29 /* multiple_package_sample.framework in Frameworks */ = {isa = PBXBuildFile; fileRef = "multiple-package-sample::multiple-package-sample::Product" /* multiple_package_sample.framework */; };
		OBJ_36 /* multiple_package_sample.swift in Sources */ = {isa = PBXBuildFile; fileRef = OBJ_9 /* multiple_package_sample.swift */; };
/* End PBXBuildFile section */

/* Begin PBXContainerItemProxy section */
		58786041206B348C00B01F8C /* PBXContainerItemProxy */ = {
			isa = PBXContainerItemProxy;
			containerPortal = OBJ_1 /* Project object */;
			proxyType = 1;
			remoteGlobalIDString = "multiple-package-sample::multiple-package-sample";
			remoteInfo = "multiple-package-sample";
		};
		58786042206B348D00B01F8C /* PBXContainerItemProxy */ = {
			isa = PBXContainerItemProxy;
			containerPortal = OBJ_1 /* Project object */;
			proxyType = 1;
			remoteGlobalIDString = "multiple-package-sample::multiple-package-sampleTests";
			remoteInfo = "multiple-package-sampleTests";
		};
/* End PBXContainerItemProxy section */

/* Begin PBXFileReference section */
		5836BCF2206B3825003197BF /* Cartfile */ = {isa = PBXFileReference; lastKnownFileType = text; path = Cartfile; sourceTree = "<group>"; };
		5836BCF4206B3889003197BF /* multiple-package-sample.podspec */ = {isa = PBXFileReference; lastKnownFileType = text; path = "multiple-package-sample.podspec"; sourceTree = "<group>"; };
		5836BCF5206B39AD003197BF /* Cartfile.private */ = {isa = PBXFileReference; lastKnownFileType = text; path = Cartfile.private; sourceTree = "<group>"; };
		OBJ_12 /* multiple_package_sampleTests.swift */ = {isa = PBXFileReference; lastKnownFileType = sourcecode.swift; path = multiple_package_sampleTests.swift; sourceTree = "<group>"; };
		OBJ_6 /* Package.swift */ = {isa = PBXFileReference; explicitFileType = sourcecode.swift; path = Package.swift; sourceTree = "<group>"; };
		OBJ_9 /* multiple_package_sample.swift */ = {isa = PBXFileReference; lastKnownFileType = sourcecode.swift; path = multiple_package_sample.swift; sourceTree = "<group>"; };
		"multiple-package-sample::multiple-package-sample::Product" /* multiple_package_sample.framework */ = {isa = PBXFileReference; explicitFileType = wrapper.framework; path = multiple_package_sample.framework; sourceTree = BUILT_PRODUCTS_DIR; };
		"multiple-package-sample::multiple-package-sampleTests::Product" /* multiple_package_sampleTests.xctest */ = {isa = PBXFileReference; lastKnownFileType = file; name = multiple_package_sampleTests.xctest; path = "multiple-package-sampleTests.xctest"; sourceTree = BUILT_PRODUCTS_DIR; };
/* End PBXFileReference section */

/* Begin PBXFrameworksBuildPhase section */
		OBJ_28 /* Frameworks */ = {
			isa = PBXFrameworksBuildPhase;
			buildActionMask = 0;
			files = (
				OBJ_29 /* multiple_package_sample.framework in Frameworks */,
			);
			runOnlyForDeploymentPostprocessing = 0;
		};
		OBJ_37 /* Frameworks */ = {
			isa = PBXFrameworksBuildPhase;
			buildActionMask = 0;
			files = (
			);
			runOnlyForDeploymentPostprocessing = 0;
		};
/* End PBXFrameworksBuildPhase section */

/* Begin PBXGroup section */
		OBJ_10 /* Tests */ = {
			isa = PBXGroup;
			children = (
				OBJ_11 /* multiple-package-sampleTests */,
			);
			name = Tests;
			sourceTree = SOURCE_ROOT;
		};
		OBJ_11 /* multiple-package-sampleTests */ = {
			isa = PBXGroup;
			children = (
				OBJ_12 /* multiple_package_sampleTests.swift */,
			);
			name = "multiple-package-sampleTests";
			path = "Tests/multiple-package-sampleTests";
			sourceTree = SOURCE_ROOT;
		};
		OBJ_13 /* Products */ = {
			isa = PBXGroup;
			children = (
				"multiple-package-sample::multiple-package-sampleTests::Product" /* multiple_package_sampleTests.xctest */,
				"multiple-package-sample::multiple-package-sample::Product" /* multiple_package_sample.framework */,
			);
			name = Products;
			sourceTree = BUILT_PRODUCTS_DIR;
		};
		OBJ_5 = {
			isa = PBXGroup;
			children = (
				5836BCF4206B3889003197BF /* multiple-package-sample.podspec */,
				5836BCF2206B3825003197BF /* Cartfile */,
				5836BCF5206B39AD003197BF /* Cartfile.private */,
				OBJ_6 /* Package.swift */,
				OBJ_7 /* Sources */,
				OBJ_10 /* Tests */,
				OBJ_13 /* Products */,
			);
			sourceTree = "<group>";
		};
		OBJ_7 /* Sources */ = {
			isa = PBXGroup;
			children = (
				OBJ_8 /* multiple-package-sample */,
			);
			name = Sources;
			sourceTree = SOURCE_ROOT;
		};
		OBJ_8 /* multiple-package-sample */ = {
			isa = PBXGroup;
			children = (
				OBJ_9 /* multiple_package_sample.swift */,
			);
			name = "multiple-package-sample";
			path = "Sources/multiple-package-sample";
			sourceTree = SOURCE_ROOT;
		};
/* End PBXGroup section */

/* Begin PBXNativeTarget section */
		"multiple-package-sample::SwiftPMPackageDescription" /* multiple-package-samplePackageDescription */ = {
			isa = PBXNativeTarget;
			buildConfigurationList = OBJ_17 /* Build configuration list for PBXNativeTarget "multiple-package-samplePackageDescription" */;
			buildPhases = (
				OBJ_20 /* Sources */,
			);
			buildRules = (
			);
			dependencies = (
			);
			name = "multiple-package-samplePackageDescription";
			productName = "multiple-package-samplePackageDescription";
			productType = "com.apple.product-type.framework";
		};
		"multiple-package-sample::multiple-package-sample" /* multiple-package-sample */ = {
			isa = PBXNativeTarget;
			buildConfigurationList = OBJ_32 /* Build configuration list for PBXNativeTarget "multiple-package-sample" */;
			buildPhases = (
				OBJ_35 /* Sources */,
				OBJ_37 /* Frameworks */,
			);
			buildRules = (
			);
			dependencies = (
			);
			name = "multiple-package-sample";
			productName = multiple_package_sample;
			productReference = "multiple-package-sample::multiple-package-sample::Product" /* multiple_package_sample.framework */;
			productType = "com.apple.product-type.framework";
		};
		"multiple-package-sample::multiple-package-sampleTests" /* multiple-package-sampleTests */ = {
			isa = PBXNativeTarget;
			buildConfigurationList = OBJ_23 /* Build configuration list for PBXNativeTarget "multiple-package-sampleTests" */;
			buildPhases = (
				OBJ_26 /* Sources */,
				OBJ_28 /* Frameworks */,
			);
			buildRules = (
			);
			dependencies = (
				OBJ_30 /* PBXTargetDependency */,
			);
			name = "multiple-package-sampleTests";
			productName = multiple_package_sampleTests;
			productReference = "multiple-package-sample::multiple-package-sampleTests::Product" /* multiple_package_sampleTests.xctest */;
			productType = "com.apple.product-type.bundle.unit-test";
		};
/* End PBXNativeTarget section */

/* Begin PBXProject section */
		OBJ_1 /* Project object */ = {
			isa = PBXProject;
			attributes = {
				LastUpgradeCheck = 9999;
			};
			buildConfigurationList = OBJ_2 /* Build configuration list for PBXProject "multiple-package-sample" */;
			compatibilityVersion = "Xcode 3.2";
			developmentRegion = English;
			hasScannedForEncodings = 0;
			knownRegions = (
				en,
			);
			mainGroup = OBJ_5;
			productRefGroup = OBJ_13 /* Products */;
			projectDirPath = "";
			projectRoot = "";
			targets = (
				"multiple-package-sample::SwiftPMPackageDescription" /* multiple-package-samplePackageDescription */,
				"multiple-package-sample::multiple-package-sampleTests" /* multiple-package-sampleTests */,
				"multiple-package-sample::multiple-package-sample" /* multiple-package-sample */,
				"multiple-package-sample::multiple-package-samplePackageTests::ProductTarget" /* multiple-package-samplePackageTests */,
			);
		};
/* End PBXProject section */

/* Begin PBXSourcesBuildPhase section */
		OBJ_20 /* Sources */ = {
			isa = PBXSourcesBuildPhase;
			buildActionMask = 0;
			files = (
				OBJ_21 /* Package.swift in Sources */,
			);
			runOnlyForDeploymentPostprocessing = 0;
		};
		OBJ_26 /* Sources */ = {
			isa = PBXSourcesBuildPhase;
			buildActionMask = 0;
			files = (
				OBJ_27 /* multiple_package_sampleTests.swift in Sources */,
			);
			runOnlyForDeploymentPostprocessing = 0;
		};
		OBJ_35 /* Sources */ = {
			isa = PBXSourcesBuildPhase;
			buildActionMask = 0;
			files = (
				OBJ_36 /* multiple_package_sample.swift in Sources */,
			);
			runOnlyForDeploymentPostprocessing = 0;
		};
/* End PBXSourcesBuildPhase section */

/* Begin PBXTargetDependency section */
		OBJ_30 /* PBXTargetDependency */ = {
			isa = PBXTargetDependency;
			target = "multiple-package-sample::multiple-package-sample" /* multiple-package-sample */;
			targetProxy = 58786041206B348C00B01F8C /* PBXContainerItemProxy */;
		};
		OBJ_42 /* PBXTargetDependency */ = {
			isa = PBXTargetDependency;
			target = "multiple-package-sample::multiple-package-sampleTests" /* multiple-package-sampleTests */;
			targetProxy = 58786042206B348D00B01F8C /* PBXContainerItemProxy */;
		};
/* End PBXTargetDependency section */

/* Begin XCBuildConfiguration section */
		OBJ_18 /* Debug */ = {
			isa = XCBuildConfiguration;
			buildSettings = {
				LD = /usr/bin/true;
				OTHER_SWIFT_FLAGS = "-swift-version 4 -I /Applications/Xcode-9.2.app/Contents/Developer/Toolchains/XcodeDefault.xctoolchain/usr/lib/swift/pm/4 -target x86_64-apple-macosx10.10 -sdk /Applications/Xcode-9.2.app/Contents/Developer/Platforms/MacOSX.platform/Developer/SDKs/MacOSX10.13.sdk";
				SWIFT_VERSION = 4.0;
			};
			name = Debug;
		};
		OBJ_19 /* Release */ = {
			isa = XCBuildConfiguration;
			buildSettings = {
				LD = /usr/bin/true;
				OTHER_SWIFT_FLAGS = "-swift-version 4 -I /Applications/Xcode-9.2.app/Contents/Developer/Toolchains/XcodeDefault.xctoolchain/usr/lib/swift/pm/4 -target x86_64-apple-macosx10.10 -sdk /Applications/Xcode-9.2.app/Contents/Developer/Platforms/MacOSX.platform/Developer/SDKs/MacOSX10.13.sdk";
				SWIFT_VERSION = 4.0;
			};
			name = Release;
		};
		OBJ_24 /* Debug */ = {
			isa = XCBuildConfiguration;
			buildSettings = {
				EMBEDDED_CONTENT_CONTAINS_SWIFT = YES;
				FRAMEWORK_SEARCH_PATHS = (
					"$(inherited)",
					"$(PLATFORM_DIR)/Developer/Library/Frameworks",
				);
				HEADER_SEARCH_PATHS = "$(inherited)";
				INFOPLIST_FILE = "multiple-package-sample.xcodeproj/multiple_package_sampleTests_Info.plist";
				LD_RUNPATH_SEARCH_PATHS = "@loader_path/../Frameworks @loader_path/Frameworks";
				OTHER_LDFLAGS = "$(inherited)";
				OTHER_SWIFT_FLAGS = "$(inherited)";
				SWIFT_VERSION = 4.0;
				TARGET_NAME = "multiple-package-sampleTests";
			};
			name = Debug;
		};
		OBJ_25 /* Release */ = {
			isa = XCBuildConfiguration;
			buildSettings = {
				EMBEDDED_CONTENT_CONTAINS_SWIFT = YES;
				FRAMEWORK_SEARCH_PATHS = (
					"$(inherited)",
					"$(PLATFORM_DIR)/Developer/Library/Frameworks",
				);
				HEADER_SEARCH_PATHS = "$(inherited)";
				INFOPLIST_FILE = "multiple-package-sample.xcodeproj/multiple_package_sampleTests_Info.plist";
				LD_RUNPATH_SEARCH_PATHS = "@loader_path/../Frameworks @loader_path/Frameworks";
				OTHER_LDFLAGS = "$(inherited)";
				OTHER_SWIFT_FLAGS = "$(inherited)";
				SWIFT_VERSION = 4.0;
				TARGET_NAME = "multiple-package-sampleTests";
			};
			name = Release;
		};
		OBJ_3 /* Debug */ = {
			isa = XCBuildConfiguration;
			buildSettings = {
				CLANG_ENABLE_OBJC_ARC = YES;
				COMBINE_HIDPI_IMAGES = YES;
				COPY_PHASE_STRIP = NO;
				DEBUG_INFORMATION_FORMAT = dwarf;
				DYLIB_INSTALL_NAME_BASE = "@rpath";
				ENABLE_NS_ASSERTIONS = YES;
				GCC_OPTIMIZATION_LEVEL = 0;
				MACOSX_DEPLOYMENT_TARGET = 10.10;
				ONLY_ACTIVE_ARCH = YES;
				OTHER_SWIFT_FLAGS = "-DXcode";
				PRODUCT_NAME = "$(TARGET_NAME)";
				SDKROOT = macosx;
				SUPPORTED_PLATFORMS = "macosx iphoneos iphonesimulator appletvos appletvsimulator watchos watchsimulator";
				SWIFT_ACTIVE_COMPILATION_CONDITIONS = SWIFT_PACKAGE;
				SWIFT_OPTIMIZATION_LEVEL = "-Onone";
				USE_HEADERMAP = NO;
			};
			name = Debug;
		};
		OBJ_33 /* Debug */ = {
			isa = XCBuildConfiguration;
			buildSettings = {
				ENABLE_TESTABILITY = YES;
				FRAMEWORK_SEARCH_PATHS = (
					"$(inherited)",
					"$(PLATFORM_DIR)/Developer/Library/Frameworks",
				);
				HEADER_SEARCH_PATHS = "$(inherited)";
				INFOPLIST_FILE = "multiple-package-sample.xcodeproj/multiple_package_sample_Info.plist";
				LD_RUNPATH_SEARCH_PATHS = "$(TOOLCHAIN_DIR)/usr/lib/swift/macosx";
				OTHER_LDFLAGS = "$(inherited)";
				OTHER_SWIFT_FLAGS = "$(inherited)";
				PRODUCT_BUNDLE_IDENTIFIER = "multiple-package-sample";
				PRODUCT_MODULE_NAME = "$(TARGET_NAME:c99extidentifier)";
				PRODUCT_NAME = "$(TARGET_NAME:c99extidentifier)";
				SKIP_INSTALL = YES;
				SWIFT_VERSION = 4.0;
				TARGET_NAME = "multiple-package-sample";
			};
			name = Debug;
		};
		OBJ_34 /* Release */ = {
			isa = XCBuildConfiguration;
			buildSettings = {
				ENABLE_TESTABILITY = YES;
				FRAMEWORK_SEARCH_PATHS = (
					"$(inherited)",
					"$(PLATFORM_DIR)/Developer/Library/Frameworks",
				);
				HEADER_SEARCH_PATHS = "$(inherited)";
				INFOPLIST_FILE = "multiple-package-sample.xcodeproj/multiple_package_sample_Info.plist";
				LD_RUNPATH_SEARCH_PATHS = "$(TOOLCHAIN_DIR)/usr/lib/swift/macosx";
				OTHER_LDFLAGS = "$(inherited)";
				OTHER_SWIFT_FLAGS = "$(inherited)";
				PRODUCT_BUNDLE_IDENTIFIER = "multiple-package-sample";
				PRODUCT_MODULE_NAME = "$(TARGET_NAME:c99extidentifier)";
				PRODUCT_NAME = "$(TARGET_NAME:c99extidentifier)";
				SKIP_INSTALL = YES;
				SWIFT_VERSION = 4.0;
				TARGET_NAME = "multiple-package-sample";
			};
			name = Release;
		};
		OBJ_4 /* Release */ = {
			isa = XCBuildConfiguration;
			buildSettings = {
				CLANG_ENABLE_OBJC_ARC = YES;
				COMBINE_HIDPI_IMAGES = YES;
				COPY_PHASE_STRIP = YES;
				DEBUG_INFORMATION_FORMAT = "dwarf-with-dsym";
				DYLIB_INSTALL_NAME_BASE = "@rpath";
				GCC_OPTIMIZATION_LEVEL = s;
				MACOSX_DEPLOYMENT_TARGET = 10.10;
				OTHER_SWIFT_FLAGS = "-DXcode";
				PRODUCT_NAME = "$(TARGET_NAME)";
				SDKROOT = macosx;
				SUPPORTED_PLATFORMS = "macosx iphoneos iphonesimulator appletvos appletvsimulator watchos watchsimulator";
				SWIFT_ACTIVE_COMPILATION_CONDITIONS = SWIFT_PACKAGE;
				SWIFT_OPTIMIZATION_LEVEL = "-Owholemodule";
				USE_HEADERMAP = NO;
			};
			name = Release;
		};
		OBJ_40 /* Debug */ = {
			isa = XCBuildConfiguration;
			buildSettings = {
			};
			name = Debug;
		};
		OBJ_41 /* Release */ = {
			isa = XCBuildConfiguration;
			buildSettings = {
			};
			name = Release;
		};
/* End XCBuildConfiguration section */

/* Begin XCConfigurationList section */
		OBJ_17 /* Build configuration list for PBXNativeTarget "multiple-package-samplePackageDescription" */ = {
			isa = XCConfigurationList;
			buildConfigurations = (
				OBJ_18 /* Debug */,
				OBJ_19 /* Release */,
			);
			defaultConfigurationIsVisible = 0;
			defaultConfigurationName = Debug;
		};
		OBJ_2 /* Build configuration list for PBXProject "multiple-package-sample" */ = {
			isa = XCConfigurationList;
			buildConfigurations = (
				OBJ_3 /* Debug */,
				OBJ_4 /* Release */,
			);
			defaultConfigurationIsVisible = 0;
			defaultConfigurationName = Debug;
		};
		OBJ_23 /* Build configuration list for PBXNativeTarget "multiple-package-sampleTests" */ = {
			isa = XCConfigurationList;
			buildConfigurations = (
				OBJ_24 /* Debug */,
				OBJ_25 /* Release */,
			);
			defaultConfigurationIsVisible = 0;
			defaultConfigurationName = Debug;
		};
		OBJ_32 /* Build configuration list for PBXNativeTarget "multiple-package-sample" */ = {
			isa = XCConfigurationList;
			buildConfigurations = (
				OBJ_33 /* Debug */,
				OBJ_34 /* Release */,
			);
			defaultConfigurationIsVisible = 0;
			defaultConfigurationName = Debug;
		};
		OBJ_39 /* Build configuration list for PBXAggregateTarget "multiple-package-samplePackageTests" */ = {
			isa = XCConfigurationList;
			buildConfigurations = (
				OBJ_40 /* Debug */,
				OBJ_41 /* Release */,
			);
			defaultConfigurationIsVisible = 0;
			defaultConfigurationName = Debug;
		};
/* End XCConfigurationList section */
	};
	rootObject = OBJ_1 /* Project object */;
}
